
Microsoft Visual Studio Solution File, Format Version 12.00
# Visual Studio Version 17
VisualStudioVersion = 17.14.37012.4
MinimumVisualStudioVersion = 10.0.40219.1
Project("{FAE04EC0-301F-11D3-BF4B-00C04F79EFBC}") = "ApprovalRequest", "ApprovalRequest\ApprovalRequest.csproj", "{3A721BFF-79B8-4412-80E1-C849E9492E06}"
EndProject
Project("{FAE04EC0-301F-11D3-BF4B-00C04F79EFBC}") = "ApprovalRequest.Domain", "ApprovalRequest.Domain\ApprovalRequest.Domain.csproj", "{F95248A8-C484-4EB0-95F8-2FDE3DAFF903}"
EndProject
Project("{FAE04EC0-301F-11D3-BF4B-00C04F79EFBC}") = "ApprovalRequest.Application", "ApprovalRequest.Application\ApprovalRequest.Application.csproj", "{1F899175-1C72-4B72-8CB5-5ADF7883BE90}"
EndProject
Project("{FAE04EC0-301F-11D3-BF4B-00C04F79EFBC}") = "ApprovalRequest.Infrastructure", "ApprovalRequest.Infrastructure\ApprovalRequest.Infrastructure.csproj", "{7AF525F2-01DB-4D54-86BD-5C1191F87175}"
EndProject
Project("{FAE04EC0-301F-11D3-BF4B-00C04F79EFBC}") = "ApprovalRequest.UnitTests", "ApprovalRequest.UnitTests\ApprovalRequest.UnitTests.csproj", "{4C43C05B-987C-4355-B830-D5ACEF253780}"
EndProject
Project("{FAE04EC0-301F-11D3-BF4B-00C04F79EFBC}") = "ApprovalRequest.IntegrationTests", "ApprovalRequest.IntegrationTests\ApprovalRequest.IntegrationTests.csproj", "{BFAA1F70-A86C-4D2A-A71A-152F9D55402D}"
EndProject
Global
	GlobalSection(SolutionConfigurationPlatforms) = preSolution
		Debug|Any CPU = Debug|Any CPU
		Release|Any CPU = Release|Any CPU
	EndGlobalSection
	GlobalSection(ProjectConfigurationPlatforms) = postSolution
		{3A721BFF-79B8-4412-80E1-C849E9492E06}.Debug|Any CPU.ActiveCfg = Debug|Any CPU
		{3A721BFF-79B8-4412-80E1-C849E9492E06}.Debug|Any CPU.Build.0 = Debug|Any CPU
		{3A721BFF-79B8-4412-80E1-C849E9492E06}.Release|Any CPU.ActiveCfg = Release|Any CPU
		{3A721BFF-79B8-4412-80E1-C849E9492E06}.Release|Any CPU.Build.0 = Release|Any CPU
		{F95248A8-C484-4EB0-95F8-2FDE3DAFF903}.Debug|Any CPU.ActiveCfg = Debug|Any CPU
		{F95248A8-C484-4EB0-95F8-2FDE3DAFF903}.Debug|Any CPU.Build.0 = Debug|Any CPU
		{F95248A8-C484-4EB0-95F8-2FDE3DAFF903}.Release|Any CPU.ActiveCfg = Release|Any CPU
		{F95248A8-C484-4EB0-95F8-2FDE3DAFF903}.Release|Any CPU.Build.0 = Release|Any CPU
		{1F899175-1C72-4B72-8CB5-5ADF7883BE90}.Debug|Any CPU.ActiveCfg = Debug|Any CPU
		{1F899175-1C72-4B72-8CB5-5ADF7883BE90}.Debug|Any CPU.Build.0 = Debug|Any CPU
		{1F899175-1C72-4B72-8CB5-5ADF7883BE90}.Release|Any CPU.ActiveCfg = Release|Any CPU
		{1F899175-1C72-4B72-8CB5-5ADF7883BE90}.Release|Any CPU.Build.0 = Release|Any CPU
		{7AF525F2-01DB-4D54-86BD-5C1191F87175}.Debug|Any CPU.ActiveCfg = Debug|Any CPU
		{7AF525F2-01DB-4D54-86BD-5C1191F87175}.Debug|Any CPU.Build.0 = Debug|Any CPU
		{7AF525F2-01DB-4D54-86BD-5C1191F87175}.Release|Any CPU.ActiveCfg = Release|Any CPU
		{7AF525F2-01DB-4D54-86BD-5C1191F87175}.Release|Any CPU.Build.0 = Release|Any CPU
		{4C43C05B-987C-4355-B830-D5ACEF253780}.Debug|Any CPU.ActiveCfg = Debug|Any CPU
		{4C43C05B-987C-4355-B830-D5ACEF253780}.Debug|Any CPU.Build.0 = Debug|Any CPU
		{4C43C05B-987C-4355-B830-D5ACEF253780}.Release|Any CPU.ActiveCfg = Release|Any CPU
		{4C43C05B-987C-4355-B830-D5ACEF253780}.Release|Any CPU.Build.0 = Release|Any CPU
		{BFAA1F70-A86C-4D2A-A71A-152F9D55402D}.Debug|Any CPU.ActiveCfg = Debug|Any CPU
		{BFAA1F70-A86C-4D2A-A71A-152F9D55402D}.Debug|Any CPU.Build.0 = Debug|Any CPU
		{BFAA1F70-A86C-4D2A-A71A-152F9D55402D}.Release|Any CPU.ActiveCfg = Release|Any CPU
		{BFAA1F70-A86C-4D2A-A71A-152F9D55402D}.Release|Any CPU.Build.0 = Release|Any CPU
	EndGlobalSection
	GlobalSection(SolutionProperties) = preSolution
		HideSolutionNode = FALSE
	EndGlobalSection
	GlobalSection(ExtensibilityGlobals) = postSolution
		SolutionGuid = {AA6D5684-9F1A-4112-AB2A-CCD3E40B742F}
	EndGlobalSection
EndGlobal
